{
  "name": "etch-a-sketch",
  "version": "1.0.0",
  "lockfileVersion": 2,
  "requires": true,
  "packages": {
    "": {
      "name": "etch-a-sketch",
      "version": "1.0.0",
      "license": "ISC",
      "dependencies": {
        "eventlistenerwithname": "^0.1.4"
      }
    },
    "node_modules/eventlistenerwithname": {
      "version": "0.1.4",
      "resolved": "https://registry.npmjs.org/eventlistenerwithname/-/eventlistenerwithname-0.1.4.tgz",
      "integrity": "sha512-dadKXHuUGxu1Rvxa5Qz/+l9HrhuJ7bmzftpXfdHMMoyjK3RLXxvwcOVrLxNjjP0N8U1pnxSFT/MFS9mCU9WBrg=="
    }
  },
  "dependencies": {
    "eventlistenerwithname": {
      "version": "0.1.4",
      "resolved": "https://registry.npmjs.org/eventlistenerwithname/-/eventlistenerwithname-0.1.4.tgz",
      "integrity": "sha512-dadKXHuUGxu1Rvxa5Qz/+l9HrhuJ7bmzftpXfdHMMoyjK3RLXxvwcOVrLxNjjP0N8U1pnxSFT/MFS9mCU9WBrg=="
    }
  }
}
